
Microsoft Visual Studio Solution File, Format Version 12.00
# Visual Studio 14
VisualStudioVersion = 14.0.24720.0
MinimumVisualStudioVersion = 10.0.40219.1
Project("{FAE04EC0-301F-11D3-BF4B-00C04F79EFBC}") = "DuoDuo", "DuoDuo\DuoDuo.csproj", "{BD08A3DE-C943-4624-9366-060514BE33B9}"
EndProject
Global
	GlobalSection(SolutionConfigurationPlatforms) = preSolution
		Debug|Any CPU = Debug|Any CPU
		Debug|Default = Debug|Default
		Release|Any CPU = Release|Any CPU
		Release|Default = Release|Default
	EndGlobalSection
	GlobalSection(ProjectConfigurationPlatforms) = postSolution
		{BD08A3DE-C943-4624-9366-060514BE33B9}.Debug|Any CPU.ActiveCfg = Debug|Any CPU
		{BD08A3DE-C943-4624-9366-060514BE33B9}.Debug|Any CPU.Build.0 = Debug|Any CPU
		{BD08A3DE-C943-4624-9366-060514BE33B9}.Debug|Default.ActiveCfg = Debug|Any CPU
		{BD08A3DE-C943-4624-9366-060514BE33B9}.Release|Any CPU.ActiveCfg = Debug|Any CPU
		{BD08A3DE-C943-4624-9366-060514BE33B9}.Release|Default.ActiveCfg = Debug|Any CPU
	EndGlobalSection
	GlobalSection(SolutionProperties) = preSolution
		HideSolutionNode = FALSE
	EndGlobalSection
	GlobalSection(SolutionConfigurationPlatforms) = preSolution
		Debug|Any CPU = Debug|Any CPU
		Debug|Default = Debug|Default
		Release|Any CPU = Release|Any CPU
		Release|Default = Release|Default
	EndGlobalSection
	GlobalSection(SolutionConfigurationPlatforms) = preSolution
		Debug|Any CPU = Debug|Any CPU
		Debug|Default = Debug|Default
		Release|Any CPU = Release|Any CPU
		Release|Default = Release|Default
	EndGlobalSection
EndGlobal
